version: 1.0
shards:
  crecto:
    github: vladfaust/crecto
    commit: 065f0f73cee3389c39e6df2dafa51ab0b407db3b

  db:
    github: crystal-lang/crystal-db
    version: 0.4.2

  dispatch:
    github: bmulvihill/dispatch
    commit: c6b2a4fe2a176bad1d235fdbbd947c4a59d02eb2

  dotenv:
    github: gdotdesign/cr-dotenv
    version: 0.1.0

  micrate:
    github: juanedi/micrate
    version: 0.3.0

  mime:
    github: spalger/crystal-mime
    version: 0.1.1

  pg:
    github: will/crystal-pg
    version: 0.13.3

  redis:
    github: stefanwille/crystal-redis
    version: 1.8.0

  sam:
    github: imdrasil/sam.cr
    version: 0.2.3

  shell:
    github: TobiasGSmollett/shell.cr
    commit: 9844ec2d3855b7724dd00fdc68bbdf3b5095d2d2

  spec2:
    github: waterlink/spec2.cr
    version: 0.11.0

  tele:
    github: vladfaust/tele.cr
    version: 0.1.1

  tele-broadcast:
    github: vladfaust/tele-broadcast.cr
    version: 0.1.2

  tren:
    github: sdogruyol/tren
    version: 0.4.0

